// !$*UTF8*$!
{
	archiveVersion = 1;
	classes = {
	};
	objectVersion = 48;
	objects = {

/* Begin PBXBuildFile section */
		C65EF9DF2015825700B925AC /* AppDelegate.swift in Sources */ = {isa = PBXBuildFile; fileRef = C65EF9DE2015825700B925AC /* AppDelegate.swift */; };
		C65EF9E12015825700B925AC /* ViewController.swift in Sources */ = {isa = PBXBuildFile; fileRef = C65EF9E02015825700B925AC /* ViewController.swift */; };
		C65EF9E42015825700B925AC /* Main.storyboard in Resources */ = {isa = PBXBuildFile; fileRef = C65EF9E22015825700B925AC /* Main.storyboard */; };
		C65EF9E62015825700B925AC /* Assets.xcassets in Resources */ = {isa = PBXBuildFile; fileRef = C65EF9E52015825700B925AC /* Assets.xcassets */; };
		C65EF9E92015825700B925AC /* LaunchScreen.storyboard in Resources */ = {isa = PBXBuildFile; fileRef = C65EF9E72015825700B925AC /* LaunchScreen.storyboard */; };
		C65EF9EE2015825700B925AC /* AmeshWatch WatchKit App.app in Embed Watch Content */ = {isa = PBXBuildFile; fileRef = C65EF9ED2015825700B925AC /* AmeshWatch WatchKit App.app */; };
		C65EF9F42015825700B925AC /* Interface.storyboard in Resources */ = {isa = PBXBuildFile; fileRef = C65EF9F22015825700B925AC /* Interface.storyboard */; };
		C65EF9F62015825700B925AC /* Assets.xcassets in Resources */ = {isa = PBXBuildFile; fileRef = C65EF9F52015825700B925AC /* Assets.xcassets */; };
		C65EF9FD2015825700B925AC /* AmeshWatch WatchKit Extension.appex in Embed App Extensions */ = {isa = PBXBuildFile; fileRef = C65EF9FC2015825700B925AC /* AmeshWatch WatchKit Extension.appex */; settings = {ATTRIBUTES = (RemoveHeadersOnCopy, ); }; };
		C65EFA022015825700B925AC /* InterfaceController.swift in Sources */ = {isa = PBXBuildFile; fileRef = C65EFA012015825700B925AC /* InterfaceController.swift */; };
		C65EFA042015825700B925AC /* ExtensionDelegate.swift in Sources */ = {isa = PBXBuildFile; fileRef = C65EFA032015825700B925AC /* ExtensionDelegate.swift */; };
		C65EFA062015825700B925AC /* NotificationController.swift in Sources */ = {isa = PBXBuildFile; fileRef = C65EFA052015825700B925AC /* NotificationController.swift */; };
		C65EFA082015825700B925AC /* Assets.xcassets in Resources */ = {isa = PBXBuildFile; fileRef = C65EFA072015825700B925AC /* Assets.xcassets */; };
		C65EFA1A2015847700B925AC /* AmeshAPI.swift in Sources */ = {isa = PBXBuildFile; fileRef = C65EFA192015847700B925AC /* AmeshAPI.swift */; };
		C65EFA1B2015847700B925AC /* AmeshAPI.swift in Sources */ = {isa = PBXBuildFile; fileRef = C65EFA192015847700B925AC /* AmeshAPI.swift */; };
		C65EFA1D2015985B00B925AC /* ImageLoader.swift in Sources */ = {isa = PBXBuildFile; fileRef = C65EFA1C2015985B00B925AC /* ImageLoader.swift */; };
		C65EFA1E2015985B00B925AC /* ImageLoader.swift in Sources */ = {isa = PBXBuildFile; fileRef = C65EFA1C2015985B00B925AC /* ImageLoader.swift */; };
/* End PBXBuildFile section */

/* Begin PBXContainerItemProxy section */
		C65EF9EF2015825700B925AC /* PBXContainerItemProxy */ = {
			isa = PBXContainerItemProxy;
			containerPortal = C65EF9D32015825700B925AC /* Project object */;
			proxyType = 1;
			remoteGlobalIDString = C65EF9EC2015825700B925AC;
			remoteInfo = "AmeshWatch WatchKit App";
		};
		C65EF9FE2015825700B925AC /* PBXContainerItemProxy */ = {
			isa = PBXContainerItemProxy;
			containerPortal = C65EF9D32015825700B925AC /* Project object */;
			proxyType = 1;
			remoteGlobalIDString = C65EF9FB2015825700B925AC;
			remoteInfo = "AmeshWatch WatchKit Extension";
		};
/* End PBXContainerItemProxy section */

/* Begin PBXCopyFilesBuildPhase section */
		C65EFA102015825700B925AC /* Embed App Extensions */ = {
			isa = PBXCopyFilesBuildPhase;
			buildActionMask = 2147483647;
			dstPath = "";
			dstSubfolderSpec = 13;
			files = (
				C65EF9FD2015825700B925AC /* AmeshWatch WatchKit Extension.appex in Embed App Extensions */,
			);
			name = "Embed App Extensions";
			runOnlyForDeploymentPostprocessing = 0;
		};
		C65EFA142015825700B925AC /* Embed Watch Content */ = {
			isa = PBXCopyFilesBuildPhase;
			buildActionMask = 2147483647;
			dstPath = "$(CONTENTS_FOLDER_PATH)/Watch";
			dstSubfolderSpec = 16;
			files = (
				C65EF9EE2015825700B925AC /* AmeshWatch WatchKit App.app in Embed Watch Content */,
			);
			name = "Embed Watch Content";
			runOnlyForDeploymentPostprocessing = 0;
		};
/* End PBXCopyFilesBuildPhase section */

/* Begin PBXFileReference section */
		C64670722024415D006A7FAB /* AmeshWatch.entitlements */ = {isa = PBXFileReference; lastKnownFileType = text.plist.entitlements; path = AmeshWatch.entitlements; sourceTree = "<group>"; };
		C64670732024416F006A7FAB /* AmeshWatch WatchKit App.entitlements */ = {isa = PBXFileReference; lastKnownFileType = text.plist.entitlements; path = "AmeshWatch WatchKit App.entitlements"; sourceTree = "<group>"; };
		C65EF9DB2015825700B925AC /* AmeshWatch.app */ = {isa = PBXFileReference; explicitFileType = wrapper.application; includeInIndex = 0; path = AmeshWatch.app; sourceTree = BUILT_PRODUCTS_DIR; };
		C65EF9DE2015825700B925AC /* AppDelegate.swift */ = {isa = PBXFileReference; lastKnownFileType = sourcecode.swift; path = AppDelegate.swift; sourceTree = "<group>"; };
		C65EF9E02015825700B925AC /* ViewController.swift */ = {isa = PBXFileReference; lastKnownFileType = sourcecode.swift; path = ViewController.swift; sourceTree = "<group>"; };
		C65EF9E32015825700B925AC /* Base */ = {isa = PBXFileReference; lastKnownFileType = file.storyboard; name = Base; path = Base.lproj/Main.storyboard; sourceTree = "<group>"; };
		C65EF9E52015825700B925AC /* Assets.xcassets */ = {isa = PBXFileReference; lastKnownFileType = folder.assetcatalog; path = Assets.xcassets; sourceTree = "<group>"; };
		C65EF9E82015825700B925AC /* Base */ = {isa = PBXFileReference; lastKnownFileType = file.storyboard; name = Base; path = Base.lproj/LaunchScreen.storyboard; sourceTree = "<group>"; };
		C65EF9EA2015825700B925AC /* Info.plist */ = {isa = PBXFileReference; lastKnownFileType = text.plist.xml; path = Info.plist; sourceTree = "<group>"; };
		C65EF9ED2015825700B925AC /* AmeshWatch WatchKit App.app */ = {isa = PBXFileReference; explicitFileType = wrapper.application; includeInIndex = 0; path = "AmeshWatch WatchKit App.app"; sourceTree = BUILT_PRODUCTS_DIR; };
		C65EF9F32015825700B925AC /* Base */ = {isa = PBXFileReference; lastKnownFileType = file.storyboard; name = Base; path = Base.lproj/Interface.storyboard; sourceTree = "<group>"; };
		C65EF9F52015825700B925AC /* Assets.xcassets */ = {isa = PBXFileReference; lastKnownFileType = folder.assetcatalog; path = Assets.xcassets; sourceTree = "<group>"; };
		C65EF9F72015825700B925AC /* Info.plist */ = {isa = PBXFileReference; lastKnownFileType = text.plist.xml; path = Info.plist; sourceTree = "<group>"; };
		C65EF9FC2015825700B925AC /* AmeshWatch WatchKit Extension.appex */ = {isa = PBXFileReference; explicitFileType = "wrapper.app-extension"; includeInIndex = 0; path = "AmeshWatch WatchKit Extension.appex"; sourceTree = BUILT_PRODUCTS_DIR; };
		C65EFA012015825700B925AC /* InterfaceController.swift */ = {isa = PBXFileReference; lastKnownFileType = sourcecode.swift; path = InterfaceController.swift; sourceTree = "<group>"; };
		C65EFA032015825700B925AC /* ExtensionDelegate.swift */ = {isa = PBXFileReference; lastKnownFileType = sourcecode.swift; path = ExtensionDelegate.swift; sourceTree = "<group>"; };
		C65EFA052015825700B925AC /* NotificationController.swift */ = {isa = PBXFileReference; lastKnownFileType = sourcecode.swift; path = NotificationController.swift; sourceTree = "<group>"; };
		C65EFA072015825700B925AC /* Assets.xcassets */ = {isa = PBXFileReference; lastKnownFileType = folder.assetcatalog; path = Assets.xcassets; sourceTree = "<group>"; };
		C65EFA092015825700B925AC /* Info.plist */ = {isa = PBXFileReference; lastKnownFileType = text.plist.xml; path = Info.plist; sourceTree = "<group>"; };
		C65EFA0A2015825700B925AC /* PushNotificationPayload.apns */ = {isa = PBXFileReference; lastKnownFileType = text; path = PushNotificationPayload.apns; sourceTree = "<group>"; };
		C65EFA192015847700B925AC /* AmeshAPI.swift */ = {isa = PBXFileReference; lastKnownFileType = sourcecode.swift; path = AmeshAPI.swift; sourceTree = "<group>"; };
		C65EFA1C2015985B00B925AC /* ImageLoader.swift */ = {isa = PBXFileReference; lastKnownFileType = sourcecode.swift; path = ImageLoader.swift; sourceTree = "<group>"; };
/* End PBXFileReference section */

/* Begin PBXFrameworksBuildPhase section */
		C65EF9D82015825700B925AC /* Frameworks */ = {
			isa = PBXFrameworksBuildPhase;
			buildActionMask = 2147483647;
			files = (
			);
			runOnlyForDeploymentPostprocessing = 0;
		};
		C65EF9F92015825700B925AC /* Frameworks */ = {
			isa = PBXFrameworksBuildPhase;
			buildActionMask = 2147483647;
			files = (
			);
			runOnlyForDeploymentPostprocessing = 0;
		};
/* End PBXFrameworksBuildPhase section */

/* Begin PBXGroup section */
		C65EF9D22015825700B925AC = {
			isa = PBXGroup;
			children = (
				C65EF9DD2015825700B925AC /* AmeshWatch */,
				C65EF9F12015825700B925AC /* AmeshWatch WatchKit App */,
				C65EFA002015825700B925AC /* AmeshWatch WatchKit Extension */,
				C65EF9DC2015825700B925AC /* Products */,
			);
			sourceTree = "<group>";
		};
		C65EF9DC2015825700B925AC /* Products */ = {
			isa = PBXGroup;
			children = (
				C65EF9DB2015825700B925AC /* AmeshWatch.app */,
				C65EF9ED2015825700B925AC /* AmeshWatch WatchKit App.app */,
				C65EF9FC2015825700B925AC /* AmeshWatch WatchKit Extension.appex */,
			);
			name = Products;
			sourceTree = "<group>";
		};
		C65EF9DD2015825700B925AC /* AmeshWatch */ = {
			isa = PBXGroup;
			children = (
				C64670722024415D006A7FAB /* AmeshWatch.entitlements */,
				C65EFA182015845700B925AC /* APIManager */,
				C65EF9DE2015825700B925AC /* AppDelegate.swift */,
				C65EF9E02015825700B925AC /* ViewController.swift */,
				C65EF9E22015825700B925AC /* Main.storyboard */,
				C65EF9E52015825700B925AC /* Assets.xcassets */,
				C65EF9E72015825700B925AC /* LaunchScreen.storyboard */,
				C65EF9EA2015825700B925AC /* Info.plist */,
			);
			path = AmeshWatch;
			sourceTree = "<group>";
		};
		C65EF9F12015825700B925AC /* AmeshWatch WatchKit App */ = {
			isa = PBXGroup;
			children = (
				C64670732024416F006A7FAB /* AmeshWatch WatchKit App.entitlements */,
				C65EF9F22015825700B925AC /* Interface.storyboard */,
				C65EF9F52015825700B925AC /* Assets.xcassets */,
				C65EF9F72015825700B925AC /* Info.plist */,
			);
			path = "AmeshWatch WatchKit App";
			sourceTree = "<group>";
		};
		C65EFA002015825700B925AC /* AmeshWatch WatchKit Extension */ = {
			isa = PBXGroup;
			children = (
				C65EFA012015825700B925AC /* InterfaceController.swift */,
				C65EFA032015825700B925AC /* ExtensionDelegate.swift */,
				C65EFA052015825700B925AC /* NotificationController.swift */,
				C65EFA072015825700B925AC /* Assets.xcassets */,
				C65EFA092015825700B925AC /* Info.plist */,
				C65EFA0A2015825700B925AC /* PushNotificationPayload.apns */,
			);
			path = "AmeshWatch WatchKit Extension";
			sourceTree = "<group>";
		};
		C65EFA182015845700B925AC /* APIManager */ = {
			isa = PBXGroup;
			children = (
				C65EFA192015847700B925AC /* AmeshAPI.swift */,
				C65EFA1C2015985B00B925AC /* ImageLoader.swift */,
			);
			path = APIManager;
			sourceTree = "<group>";
		};
/* End PBXGroup section */

/* Begin PBXNativeTarget section */
		C65EF9DA2015825700B925AC /* AmeshWatch */ = {
			isa = PBXNativeTarget;
			buildConfigurationList = C65EFA152015825700B925AC /* Build configuration list for PBXNativeTarget "AmeshWatch" */;
			buildPhases = (
				C65EF9D72015825700B925AC /* Sources */,
				C65EF9D82015825700B925AC /* Frameworks */,
				C65EF9D92015825700B925AC /* Resources */,
				C65EFA142015825700B925AC /* Embed Watch Content */,
			);
			buildRules = (
			);
			dependencies = (
				C65EF9F02015825700B925AC /* PBXTargetDependency */,
			);
			name = AmeshWatch;
			productName = AmeshWatch;
			productReference = C65EF9DB2015825700B925AC /* AmeshWatch.app */;
			productType = "com.apple.product-type.application";
		};
		C65EF9EC2015825700B925AC /* AmeshWatch WatchKit App */ = {
			isa = PBXNativeTarget;
			buildConfigurationList = C65EFA112015825700B925AC /* Build configuration list for PBXNativeTarget "AmeshWatch WatchKit App" */;
			buildPhases = (
				C65EF9EB2015825700B925AC /* Resources */,
				C65EFA102015825700B925AC /* Embed App Extensions */,
			);
			buildRules = (
			);
			dependencies = (
				C65EF9FF2015825700B925AC /* PBXTargetDependency */,
			);
			name = "AmeshWatch WatchKit App";
			productName = "AmeshWatch WatchKit App";
			productReference = C65EF9ED2015825700B925AC /* AmeshWatch WatchKit App.app */;
			productType = "com.apple.product-type.application.watchapp2";
		};
		C65EF9FB2015825700B925AC /* AmeshWatch WatchKit Extension */ = {
			isa = PBXNativeTarget;
			buildConfigurationList = C65EFA0D2015825700B925AC /* Build configuration list for PBXNativeTarget "AmeshWatch WatchKit Extension" */;
			buildPhases = (
				C65EF9F82015825700B925AC /* Sources */,
				C65EF9F92015825700B925AC /* Frameworks */,
				C65EF9FA2015825700B925AC /* Resources */,
			);
			buildRules = (
			);
			dependencies = (
			);
			name = "AmeshWatch WatchKit Extension";
			productName = "AmeshWatch WatchKit Extension";
			productReference = C65EF9FC2015825700B925AC /* AmeshWatch WatchKit Extension.appex */;
			productType = "com.apple.product-type.watchkit2-extension";
		};
/* End PBXNativeTarget section */

/* Begin PBXProject section */
		C65EF9D32015825700B925AC /* Project object */ = {
			isa = PBXProject;
			attributes = {
				LastSwiftUpdateCheck = 0920;
				LastUpgradeCheck = 0920;
				TargetAttributes = {
					C65EF9DA2015825700B925AC = {
						CreatedOnToolsVersion = 9.2;
						ProvisioningStyle = Automatic;
						SystemCapabilities = {
							com.apple.ApplicationGroups.iOS = {
								enabled = 1;
							};
						};
					};
					C65EF9EC2015825700B925AC = {
						CreatedOnToolsVersion = 9.2;
						ProvisioningStyle = Automatic;
						SystemCapabilities = {
							com.apple.ApplicationGroups.iOS = {
								enabled = 1;
							};
						};
					};
					C65EF9FB2015825700B925AC = {
						CreatedOnToolsVersion = 9.2;
						ProvisioningStyle = Automatic;
					};
				};
			};
			buildConfigurationList = C65EF9D62015825700B925AC /* Build configuration list for PBXProject "AmeshWatch" */;
			compatibilityVersion = "Xcode 8.0";
			developmentRegion = en;
			hasScannedForEncodings = 0;
			knownRegions = (
				en,
				Base,
			);
			mainGroup = C65EF9D22015825700B925AC;
			productRefGroup = C65EF9DC2015825700B925AC /* Products */;
			projectDirPath = "";
			projectRoot = "";
			targets = (
				C65EF9DA2015825700B925AC /* AmeshWatch */,
				C65EF9EC2015825700B925AC /* AmeshWatch WatchKit App */,
				C65EF9FB2015825700B925AC /* AmeshWatch WatchKit Extension */,
			);
		};
/* End PBXProject section */

/* Begin PBXResourcesBuildPhase section */
		C65EF9D92015825700B925AC /* Resources */ = {
			isa = PBXResourcesBuildPhase;
			buildActionMask = 2147483647;
			files = (
				C65EF9E92015825700B925AC /* LaunchScreen.storyboard in Resources */,
				C65EF9E62015825700B925AC /* Assets.xcassets in Resources */,
				C65EF9E42015825700B925AC /* Main.storyboard in Resources */,
			);
			runOnlyForDeploymentPostprocessing = 0;
		};
		C65EF9EB2015825700B925AC /* Resources */ = {
			isa = PBXResourcesBuildPhase;
			buildActionMask = 2147483647;
			files = (
				C65EF9F62015825700B925AC /* Assets.xcassets in Resources */,
				C65EF9F42015825700B925AC /* Interface.storyboard in Resources */,
			);
			runOnlyForDeploymentPostprocessing = 0;
		};
		C65EF9FA2015825700B925AC /* Resources */ = {
			isa = PBXResourcesBuildPhase;
			buildActionMask = 2147483647;
			files = (
				C65EFA082015825700B925AC /* Assets.xcassets in Resources */,
			);
			runOnlyForDeploymentPostprocessing = 0;
		};
/* End PBXResourcesBuildPhase section */

/* Begin PBXSourcesBuildPhase section */
		C65EF9D72015825700B925AC /* Sources */ = {
			isa = PBXSourcesBuildPhase;
			buildActionMask = 2147483647;
			files = (
				C65EFA1A2015847700B925AC /* AmeshAPI.swift in Sources */,
				C65EF9E12015825700B925AC /* ViewController.swift in Sources */,
				C65EFA1D2015985B00B925AC /* ImageLoader.swift in Sources */,
				C65EF9DF2015825700B925AC /* AppDelegate.swift in Sources */,
			);
			runOnlyForDeploymentPostprocessing = 0;
		};
		C65EF9F82015825700B925AC /* Sources */ = {
			isa = PBXSourcesBuildPhase;
			buildActionMask = 2147483647;
			files = (
				C65EFA062015825700B925AC /* NotificationController.swift in Sources */,
				C65EFA1B2015847700B925AC /* AmeshAPI.swift in Sources */,
				C65EFA1E2015985B00B925AC /* ImageLoader.swift in Sources */,
				C65EFA042015825700B925AC /* ExtensionDelegate.swift in Sources */,
				C65EFA022015825700B925AC /* InterfaceController.swift in Sources */,
			);
			runOnlyForDeploymentPostprocessing = 0;
		};
/* End PBXSourcesBuildPhase section */

/* Begin PBXTargetDependency section */
		C65EF9F02015825700B925AC /* PBXTargetDependency */ = {
			isa = PBXTargetDependency;
			target = C65EF9EC2015825700B925AC /* AmeshWatch WatchKit App */;
			targetProxy = C65EF9EF2015825700B925AC /* PBXContainerItemProxy */;
		};
		C65EF9FF2015825700B925AC /* PBXTargetDependency */ = {
			isa = PBXTargetDependency;
			target = C65EF9FB2015825700B925AC /* AmeshWatch WatchKit Extension */;
			targetProxy = C65EF9FE2015825700B925AC /* PBXContainerItemProxy */;
		};
/* End PBXTargetDependency section */

/* Begin PBXVariantGroup section */
		C65EF9E22015825700B925AC /* Main.storyboard */ = {
			isa = PBXVariantGroup;
			children = (
				C65EF9E32015825700B925AC /* Base */,
			);
			name = Main.storyboard;
			sourceTree = "<group>";
		};
		C65EF9E72015825700B925AC /* LaunchScreen.storyboard */ = {
			isa = PBXVariantGroup;
			children = (
				C65EF9E82015825700B925AC /* Base */,
			);
			name = LaunchScreen.storyboard;
			sourceTree = "<group>";
		};
		C65EF9F22015825700B925AC /* Interface.storyboard */ = {
			isa = PBXVariantGroup;
			children = (
				C65EF9F32015825700B925AC /* Base */,
			);
			name = Interface.storyboard;
			sourceTree = "<group>";
		};
/* End PBXVariantGroup section */

/* Begin XCBuildConfiguration section */
		C65EFA0B2015825700B925AC /* Debug */ = {
			isa = XCBuildConfiguration;
			buildSettings = {
				ALWAYS_SEARCH_USER_PATHS = NO;
				CLANG_ANALYZER_NONNULL = YES;
				CLANG_ANALYZER_NUMBER_OBJECT_CONVERSION = YES_AGGRESSIVE;
				CLANG_CXX_LANGUAGE_STANDARD = "gnu++14";
				CLANG_CXX_LIBRARY = "libc++";
				CLANG_ENABLE_MODULES = YES;
				CLANG_ENABLE_OBJC_ARC = YES;
				CLANG_WARN_BLOCK_CAPTURE_AUTORELEASING = YES;
				CLANG_WARN_BOOL_CONVERSION = YES;
				CLANG_WARN_COMMA = YES;
				CLANG_WARN_CONSTANT_CONVERSION = YES;
				CLANG_WARN_DIRECT_OBJC_ISA_USAGE = YES_ERROR;
				CLANG_WARN_DOCUMENTATION_COMMENTS = YES;
				CLANG_WARN_EMPTY_BODY = YES;
				CLANG_WARN_ENUM_CONVERSION = YES;
				CLANG_WARN_INFINITE_RECURSION = YES;
				CLANG_WARN_INT_CONVERSION = YES;
				CLANG_WARN_NON_LITERAL_NULL_CONVERSION = YES;
				CLANG_WARN_OBJC_LITERAL_CONVERSION = YES;
				CLANG_WARN_OBJC_ROOT_CLASS = YES_ERROR;
				CLANG_WARN_RANGE_LOOP_ANALYSIS = YES;
				CLANG_WARN_STRICT_PROTOTYPES = YES;
				CLANG_WARN_SUSPICIOUS_MOVE = YES;
				CLANG_WARN_UNGUARDED_AVAILABILITY = YES_AGGRESSIVE;
				CLANG_WARN_UNREACHABLE_CODE = YES;
				CLANG_WARN__DUPLICATE_METHOD_MATCH = YES;
				CODE_SIGN_IDENTITY = "iPhone Developer";
				COPY_PHASE_STRIP = NO;
				DEBUG_INFORMATION_FORMAT = dwarf;
				ENABLE_STRICT_OBJC_MSGSEND = YES;
				ENABLE_TESTABILITY = YES;
				GCC_C_LANGUAGE_STANDARD = gnu11;
				GCC_DYNAMIC_NO_PIC = NO;
				GCC_NO_COMMON_BLOCKS = YES;
				GCC_OPTIMIZATION_LEVEL = 0;
				GCC_PREPROCESSOR_DEFINITIONS = (
					"DEBUG=1",
					"$(inherited)",
				);
				GCC_WARN_64_TO_32_BIT_CONVERSION = YES;
				GCC_WARN_ABOUT_RETURN_TYPE = YES_ERROR;
				GCC_WARN_UNDECLARED_SELECTOR = YES;
				GCC_WARN_UNINITIALIZED_AUTOS = YES_AGGRESSIVE;
				GCC_WARN_UNUSED_FUNCTION = YES;
				GCC_WARN_UNUSED_VARIABLE = YES;
				IPHONEOS_DEPLOYMENT_TARGET = 11.2;
				MTL_ENABLE_DEBUG_INFO = YES;
				ONLY_ACTIVE_ARCH = YES;
				SDKROOT = iphoneos;
				SWIFT_ACTIVE_COMPILATION_CONDITIONS = DEBUG;
				SWIFT_OPTIMIZATION_LEVEL = "-Onone";
			};
			name = Debug;
		};
		C65EFA0C2015825700B925AC /* Release */ = {
			isa = XCBuildConfiguration;
			buildSettings = {
				ALWAYS_SEARCH_USER_PATHS = NO;
				CLANG_ANALYZER_NONNULL = YES;
				CLANG_ANALYZER_NUMBER_OBJECT_CONVERSION = YES_AGGRESSIVE;
				CLANG_CXX_LANGUAGE_STANDARD = "gnu++14";
				CLANG_CXX_LIBRARY = "libc++";
				CLANG_ENABLE_MODULES = YES;
				CLANG_ENABLE_OBJC_ARC = YES;
				CLANG_WARN_BLOCK_CAPTURE_AUTORELEASING = YES;
				CLANG_WARN_BOOL_CONVERSION = YES;
				CLANG_WARN_COMMA = YES;
				CLANG_WARN_CONSTANT_CONVERSION = YES;
				CLANG_WARN_DIRECT_OBJC_ISA_USAGE = YES_ERROR;
				CLANG_WARN_DOCUMENTATION_COMMENTS = YES;
				CLANG_WARN_EMPTY_BODY = YES;
				CLANG_WARN_ENUM_CONVERSION = YES;
				CLANG_WARN_INFINITE_RECURSION = YES;
				CLANG_WARN_INT_CONVERSION = YES;
				CLANG_WARN_NON_LITERAL_NULL_CONVERSION = YES;
				CLANG_WARN_OBJC_LITERAL_CONVERSION = YES;
				CLANG_WARN_OBJC_ROOT_CLASS = YES_ERROR;
				CLANG_WARN_RANGE_LOOP_ANALYSIS = YES;
				CLANG_WARN_STRICT_PROTOTYPES = YES;
				CLANG_WARN_SUSPICIOUS_MOVE = YES;
				CLANG_WARN_UNGUARDED_AVAILABILITY = YES_AGGRESSIVE;
				CLANG_WARN_UNREACHABLE_CODE = YES;
				CLANG_WARN__DUPLICATE_METHOD_MATCH = YES;
				CODE_SIGN_IDENTITY = "iPhone Developer";
				COPY_PHASE_STRIP = NO;
				DEBUG_INFORMATION_FORMAT = "dwarf-with-dsym";
				ENABLE_NS_ASSERTIONS = NO;
				ENABLE_STRICT_OBJC_MSGSEND = YES;
				GCC_C_LANGUAGE_STANDARD = gnu11;
				GCC_NO_COMMON_BLOCKS = YES;
				GCC_WARN_64_TO_32_BIT_CONVERSION = YES;
				GCC_WARN_ABOUT_RETURN_TYPE = YES_ERROR;
				GCC_WARN_UNDECLARED_SELECTOR = YES;
				GCC_WARN_UNINITIALIZED_AUTOS = YES_AGGRESSIVE;
				GCC_WARN_UNUSED_FUNCTION = YES;
				GCC_WARN_UNUSED_VARIABLE = YES;
				IPHONEOS_DEPLOYMENT_TARGET = 11.2;
				MTL_ENABLE_DEBUG_INFO = NO;
				SDKROOT = iphoneos;
				SWIFT_OPTIMIZATION_LEVEL = "-Owholemodule";
				VALIDATE_PRODUCT = YES;
			};
			name = Release;
		};
		C65EFA0E2015825700B925AC /* Debug */ = {
			isa = XCBuildConfiguration;
			buildSettings = {
				ASSETCATALOG_COMPILER_COMPLICATION_NAME = Complication;
				CODE_SIGN_STYLE = Automatic;
				DEVELOPMENT_TEAM = 39KT36ZXK5;
				INFOPLIST_FILE = "AmeshWatch WatchKit Extension/Info.plist";
				LD_RUNPATH_SEARCH_PATHS = "$(inherited) @executable_path/Frameworks @executable_path/../../Frameworks";
				PRODUCT_BUNDLE_IDENTIFIER = com.syam64.AmeshWatch.watchkitapp.watchkitextension;
				PRODUCT_NAME = "${TARGET_NAME}";
				SDKROOT = watchos;
				SKIP_INSTALL = YES;
				SWIFT_VERSION = 4.0;
				TARGETED_DEVICE_FAMILY = 4;
				WATCHOS_DEPLOYMENT_TARGET = 4.0;
			};
			name = Debug;
		};
		C65EFA0F2015825700B925AC /* Release */ = {
			isa = XCBuildConfiguration;
			buildSettings = {
				ASSETCATALOG_COMPILER_COMPLICATION_NAME = Complication;
				CODE_SIGN_STYLE = Automatic;
				DEVELOPMENT_TEAM = 39KT36ZXK5;
				INFOPLIST_FILE = "AmeshWatch WatchKit Extension/Info.plist";
				LD_RUNPATH_SEARCH_PATHS = "$(inherited) @executable_path/Frameworks @executable_path/../../Frameworks";
				PRODUCT_BUNDLE_IDENTIFIER = com.syam64.AmeshWatch.watchkitapp.watchkitextension;
				PRODUCT_NAME = "${TARGET_NAME}";
				SDKROOT = watchos;
				SKIP_INSTALL = YES;
				SWIFT_VERSION = 4.0;
				TARGETED_DEVICE_FAMILY = 4;
				WATCHOS_DEPLOYMENT_TARGET = 4.0;
			};
			name = Release;
		};
		C65EFA122015825700B925AC /* Debug */ = {
			isa = XCBuildConfiguration;
			buildSettings = {
				ALWAYS_EMBED_SWIFT_STANDARD_LIBRARIES = YES;
				ASSETCATALOG_COMPILER_APPICON_NAME = AppIcon;
				CODE_SIGN_ENTITLEMENTS = "AmeshWatch WatchKit App/AmeshWatch WatchKit App.entitlements";
				CODE_SIGN_STYLE = Automatic;
				DEVELOPMENT_TEAM = 39KT36ZXK5;
				IBSC_MODULE = AmeshWatch_WatchKit_Extension;
				INFOPLIST_FILE = "AmeshWatch WatchKit App/Info.plist";
				PRODUCT_BUNDLE_IDENTIFIER = com.syam64.AmeshWatch.watchkitapp;
				PRODUCT_NAME = "$(TARGET_NAME)";
				SDKROOT = watchos;
				SKIP_INSTALL = YES;
				SWIFT_VERSION = 4.0;
				TARGETED_DEVICE_FAMILY = 4;
				WATCHOS_DEPLOYMENT_TARGET = 4.0;
			};
			name = Debug;
		};
		C65EFA132015825700B925AC /* Release */ = {
			isa = XCBuildConfiguration;
			buildSettings = {
				ALWAYS_EMBED_SWIFT_STANDARD_LIBRARIES = YES;
				ASSETCATALOG_COMPILER_APPICON_NAME = AppIcon;
				CODE_SIGN_ENTITLEMENTS = "AmeshWatch WatchKit App/AmeshWatch WatchKit App.entitlements";
				CODE_SIGN_STYLE = Automatic;
				DEVELOPMENT_TEAM = 39KT36ZXK5;
				IBSC_MODULE = AmeshWatch_WatchKit_Extension;
				INFOPLIST_FILE = "AmeshWatch WatchKit App/Info.plist";
				PRODUCT_BUNDLE_IDENTIFIER = com.syam64.AmeshWatch.watchkitapp;
				PRODUCT_NAME = "$(TARGET_NAME)";
				SDKROOT = watchos;
				SKIP_INSTALL = YES;
				SWIFT_VERSION = 4.0;
				TARGETED_DEVICE_FAMILY = 4;
				WATCHOS_DEPLOYMENT_TARGET = 4.0;
			};
			name = Release;
		};
		C65EFA162015825700B925AC /* Debug */ = {
			isa = XCBuildConfiguration;
			buildSettings = {
				ASSETCATALOG_COMPILER_APPICON_NAME = AppIcon;
				CODE_SIGN_ENTITLEMENTS = AmeshWatch/AmeshWatch.entitlements;
				CODE_SIGN_STYLE = Automatic;
				DEVELOPMENT_TEAM = 39KT36ZXK5;
				INFOPLIST_FILE = AmeshWatch/Info.plist;
				IPHONEOS_DEPLOYMENT_TARGET = 11.0;
				LD_RUNPATH_SEARCH_PATHS = "$(inherited) @executable_path/Frameworks";
				PRODUCT_BUNDLE_IDENTIFIER = com.syam64.AmeshWatch;
				PRODUCT_NAME = "$(TARGET_NAME)";
				SWIFT_VERSION = 4.0;
				TARGETED_DEVICE_FAMILY = "1,2";
			};
			name = Debug;
		};
		C65EFA172015825700B925AC /* Release */ = {
			isa = XCBuildConfiguration;
			buildSettings = {
				ASSETCATALOG_COMPILER_APPICON_NAME = AppIcon;
				CODE_SIGN_ENTITLEMENTS = AmeshWatch/AmeshWatch.entitlements;
				CODE_SIGN_STYLE = Automatic;
				DEVELOPMENT_TEAM = 39KT36ZXK5;
				INFOPLIST_FILE = AmeshWatch/Info.plist;
				IPHONEOS_DEPLOYMENT_TARGET = 11.0;
				LD_RUNPATH_SEARCH_PATHS = "$(inherited) @executable_path/Frameworks";
				PRODUCT_BUNDLE_IDENTIFIER = com.syam64.AmeshWatch;
				PRODUCT_NAME = "$(TARGET_NAME)";
				SWIFT_VERSION = 4.0;
				TARGETED_DEVICE_FAMILY = "1,2";
			};
			name = Release;
		};
/* End XCBuildConfiguration section */

/* Begin XCConfigurationList section */
		C65EF9D62015825700B925AC /* Build configuration list for PBXProject "AmeshWatch" */ = {
			isa = XCConfigurationList;
			buildConfigurations = (
				C65EFA0B2015825700B925AC /* Debug */,
				C65EFA0C2015825700B925AC /* Release */,
			);
			defaultConfigurationIsVisible = 0;
			defaultConfigurationName = Release;
		};
		C65EFA0D2015825700B925AC /* Build configuration list for PBXNativeTarget "AmeshWatch WatchKit Extension" */ = {
			isa = XCConfigurationList;
			buildConfigurations = (
				C65EFA0E2015825700B925AC /* Debug */,
				C65EFA0F2015825700B925AC /* Release */,
			);
			defaultConfigurationIsVisible = 0;
			defaultConfigurationName = Release;
		};
		C65EFA112015825700B925AC /* Build configuration list for PBXNativeTarget "AmeshWatch WatchKit App" */ = {
			isa = XCConfigurationList;
			buildConfigurations = (
				C65EFA122015825700B925AC /* Debug */,
				C65EFA132015825700B925AC /* Release */,
			);
			defaultConfigurationIsVisible = 0;
			defaultConfigurationName = Release;
		};
		C65EFA152015825700B925AC /* Build configuration list for PBXNativeTarget "AmeshWatch" */ = {
			isa = XCConfigurationList;
			buildConfigurations = (
				C65EFA162015825700B925AC /* Debug */,
				C65EFA172015825700B925AC /* Release */,
			);
			defaultConfigurationIsVisible = 0;
			defaultConfigurationName = Release;
		};
/* End XCConfigurationList section */
	};
	rootObject = C65EF9D32015825700B925AC /* Project object */;
}
